<?xml version="1.0" encoding="utf-8"?>
<Project ToolsVersion="4.0" xmlns="http://schemas.microsoft.com/developer/msbuild/2003">
  <ItemGroup>
    <Filter Include="Source Files">
      <UniqueIdentifier>{4FC737F1-C7A5-4376-A066-2A32D752A2FF}</UniqueIdentifier>
      <Extensions>cpp;c;cc;cxx;def;odl;idl;hpj;bat;asm;asmx</Extensions>
    </Filter>
    <Filter Include="Header Files">
      <UniqueIdentifier>{93995380-89BD-4b04-88EB-625FBE52EBFB}</UniqueIdentifier>
      <Extensions>h;hh;hpp;hxx;hm;inl;inc;xsd</Extensions>
    </Filter>
    <Filter Include="Resource Files">
      <UniqueIdentifier>{67DA6AB6-F800-4c08-8B7A-83BB121AAD01}</UniqueIdentifier>
      <Extensions>rc;ico;cur;bmp;dlg;rc2;rct;bin;rgs;gif;jpg;jpeg;jpe;resx;tiff;tif;png;wav;mfcribbon-ms</Extensions>
    </Filter>
  </ItemGroup>
  <ItemGroup>
    <ClInclude Include="Type.hpp">
      <Filter>Header Files</Filter>
    </ClInclude>
    <ClInclude Include="TA\TAPrimitive.hpp">
      <Filter>Header Files</Filter>
    </ClInclude>
    <ClInclude Include="TA\TAPrimitive\TABool\TAAnd.hpp">
      <Filter>Header Files</Filter>
    </ClInclude>
    <ClInclude Include="TA\TAPrimitive\TABool\TAEquals.hpp">
      <Filter>Header Files</Filter>
    </ClInclude>
    <ClInclude Include="TA\TAPrimitive\TABool\TALessThan.hpp">
      <Filter>Header Files</Filter>
    </ClInclude>
    <ClInclude Include="TA\TAPrimitive\TABool\TAMoreThan.hpp">
      <Filter>Header Files</Filter>
    </ClInclude>
    <ClInclude Include="TA\TAPrimitive\TABool\TANot.hpp">
      <Filter>Header Files</Filter>
    </ClInclude>
    <ClInclude Include="TA\TAPrimitive\TABool\TAOr.hpp">
      <Filter>Header Files</Filter>
    </ClInclude>
    <ClInclude Include="TA\TAPrimitive\TABool\TAXor.hpp">
      <Filter>Header Files</Filter>
    </ClInclude>
    <ClInclude Include="TA\TAPrimitive\TANumber\TAInt\TACeiling.hpp">
      <Filter>Header Files</Filter>
    </ClInclude>
    <ClInclude Include="TA\TAPrimitive\TANumber\TAInt\TAConstant.hpp">
      <Filter>Header Files</Filter>
    </ClInclude>
    <ClInclude Include="TA\TAPrimitive\TANumber\TAInt\TAFloor.hpp">
      <Filter>Header Files</Filter>
    </ClInclude>
    <ClInclude Include="TA\TAPrimitive\TANumber\TANumberOperations\TADivide.hpp">
      <Filter>Header Files</Filter>
    </ClInclude>
    <ClInclude Include="TA\TAPrimitive\TANumber\TANumberOperations\TAMinus.hpp">
      <Filter>Header Files</Filter>
    </ClInclude>
    <ClInclude Include="TA\TAPrimitive\TANumber\TANumberOperations\TAMultiply.hpp">
      <Filter>Header Files</Filter>
    </ClInclude>
    <ClInclude Include="TA\TAPrimitive\TANumber\TANumberOperations\TAPlus.hpp">
      <Filter>Header Files</Filter>
    </ClInclude>
    <ClInclude Include="TA\TAPrimitive\TANumber\TADouble.hpp">
      <Filter>Header Files</Filter>
    </ClInclude>
    <ClInclude Include="TA\TAPrimitive\TANumber\TAInt.hpp">
      <Filter>Header Files</Filter>
    </ClInclude>
    <ClInclude Include="TA\TAPrimitive\TAArray.hpp">
      <Filter>Header Files</Filter>
    </ClInclude>
    <ClInclude Include="TA\TAPrimitive\TAArrayAccess.hpp">
      <Filter>Header Files</Filter>
    </ClInclude>
    <ClInclude Include="TA\TAPrimitive\TABool.hpp">
      <Filter>Header Files</Filter>
    </ClInclude>
    <ClInclude Include="TA\TAPrimitive\TANumber.hpp">
      <Filter>Header Files</Filter>
    </ClInclude>
    <ClInclude Include="TA\TAPrimitive\TAPair.hpp">
      <Filter>Header Files</Filter>
    </ClInclude>
    <ClInclude Include="TA.hpp">
      <Filter>Header Files</Filter>
    </ClInclude>
  </ItemGroup>
  <ItemGroup>
    <ClCompile Include="Main.cpp">
      <Filter>Source Files</Filter>
    </ClCompile>
    <ClCompile Include="TA\TAPrimitive.cpp">
      <Filter>Source Files</Filter>
    </ClCompile>
    <ClCompile Include="TA\TAPrimitive\TABool\TAAnd.cpp">
      <Filter>Source Files</Filter>
    </ClCompile>
    <ClCompile Include="TA\TAPrimitive\TABool\TAEquals.cpp">
      <Filter>Source Files</Filter>
    </ClCompile>
    <ClCompile Include="TA\TAPrimitive\TABool\TALessThan.cpp">
      <Filter>Source Files</Filter>
    </ClCompile>
    <ClCompile Include="TA\TAPrimitive\TABool\TAMoreThan.cpp">
      <Filter>Source Files</Filter>
    </ClCompile>
    <ClCompile Include="TA\TAPrimitive\TABool\TANot.cpp">
      <Filter>Source Files</Filter>
    </ClCompile>
    <ClCompile Include="TA\TAPrimitive\TABool\TAOr.cpp">
      <Filter>Source Files</Filter>
    </ClCompile>
    <ClCompile Include="TA\TAPrimitive\TABool\TAXor.cpp">
      <Filter>Source Files</Filter>
    </ClCompile>
    <ClCompile Include="TA\TAPrimitive\TANumber\TAInt\TACeiling.cpp">
      <Filter>Source Files</Filter>
    </ClCompile>
    <ClCompile Include="TA\TAPrimitive\TANumber\TAInt\TAConstant.cpp">
      <Filter>Source Files</Filter>
    </ClCompile>
    <ClCompile Include="TA\TAPrimitive\TANumber\TAInt\TAFloor.cpp">
      <Filter>Source Files</Filter>
    </ClCompile>
    <ClCompile Include="TA\TAPrimitive\TANumber\TANumberOperations\TADivide.cpp">
      <Filter>Source Files</Filter>
    </ClCompile>
    <ClCompile Include="TA\TAPrimitive\TANumber\TANumberOperations\TAMinus.cpp">
      <Filter>Source Files</Filter>
    </ClCompile>
    <ClCompile Include="TA\TAPrimitive\TANumber\TANumberOperations\TAMultiply.cpp">
      <Filter>Source Files</Filter>
    </ClCompile>
    <ClCompile Include="TA\TAPrimitive\TANumber\TANumberOperations\TAPlus.cpp">
      <Filter>Source Files</Filter>
    </ClCompile>
    <ClCompile Include="TA\TAPrimitive\TANumber\TADouble.cpp">
      <Filter>Source Files</Filter>
    </ClCompile>
    <ClCompile Include="TA\TAPrimitive\TANumber\TAInt.cpp">
      <Filter>Source Files</Filter>
    </ClCompile>
    <ClCompile Include="TA\TAPrimitive\TAArray.cpp">
      <Filter>Source Files</Filter>
    </ClCompile>
    <ClCompile Include="TA\TAPrimitive\TAArrayAccess.cpp">
      <Filter>Source Files</Filter>
    </ClCompile>
    <ClCompile Include="TA\TAPrimitive\TABool.cpp">
      <Filter>Source Files</Filter>
    </ClCompile>
    <ClCompile Include="TA\TAPrimitive\TANumber.cpp">
      <Filter>Source Files</Filter>
    </ClCompile>
    <ClCompile Include="TA\TAPrimitive\TAPair.cpp">
      <Filter>Source Files</Filter>
    </ClCompile>
    <ClCompile Include="TA.cpp">
      <Filter>Source Files</Filter>
    </ClCompile>
  </ItemGroup>
</Project>