<?xml version="1.0" encoding="utf-8"?>
<Project ToolsVersion="4.0" xmlns="http://schemas.microsoft.com/developer/msbuild/2003">
  <ItemGroup>
    <Filter Include="Source Files">
      <UniqueIdentifier>{4FC737F1-C7A5-4376-A066-2A32D752A2FF}</UniqueIdentifier>
      <Extensions>cpp;c;cc;cxx;def;odl;idl;hpj;bat;asm;asmx</Extensions>
    </Filter>
    <Filter Include="Header Files">
      <UniqueIdentifier>{93995380-89BD-4b04-88EB-625FBE52EBFB}</UniqueIdentifier>
      <Extensions>h;hh;hpp;hxx;hm;inl;inc;xsd</Extensions>
    </Filter>
    <Filter Include="Resource Files">
      <UniqueIdentifier>{67DA6AB6-F800-4c08-8B7A-83BB121AAD01}</UniqueIdentifier>
      <Extensions>rc;ico;cur;bmp;dlg;rc2;rct;bin;rgs;gif;jpg;jpeg;jpe;resx;tiff;tif;png;wav;mfcribbon-ms</Extensions>
    </Filter>
  </ItemGroup>
  <ItemGroup>
    <ClInclude Include="TAValueBase.h">
      <Filter>Header Files</Filter>
    </ClInclude>
    <ClInclude Include="TAUnaryOp.h">
      <Filter>Header Files</Filter>
    </ClInclude>
    <ClInclude Include="TAUMinus.h">
      <Filter>Header Files</Filter>
    </ClInclude>
    <ClInclude Include="TAType.h">
      <Filter>Header Files</Filter>
    </ClInclude>
    <ClInclude Include="TASize.h">
      <Filter>Header Files</Filter>
    </ClInclude>
    <ClInclude Include="TASecond.h">
      <Filter>Header Files</Filter>
    </ClInclude>
    <ClInclude Include="TARemainder.h">
      <Filter>Header Files</Filter>
    </ClInclude>
    <ClInclude Include="TAProduct.h">
      <Filter>Header Files</Filter>
    </ClInclude>
    <ClInclude Include="TAPlus.h">
      <Filter>Header Files</Filter>
    </ClInclude>
    <ClInclude Include="TAPairType.h">
      <Filter>Header Files</Filter>
    </ClInclude>
    <ClInclude Include="TAPair.h">
      <Filter>Header Files</Filter>
    </ClInclude>
    <ClInclude Include="TAMinus.h">
      <Filter>Header Files</Filter>
    </ClInclude>
    <ClInclude Include="TALOr.h">
      <Filter>Header Files</Filter>
    </ClInclude>
    <ClInclude Include="TALNot.h">
      <Filter>Header Files</Filter>
    </ClInclude>
    <ClInclude Include="TALessThanEq.h">
      <Filter>Header Files</Filter>
    </ClInclude>
    <ClInclude Include="TALessThan.h">
      <Filter>Header Files</Filter>
    </ClInclude>
    <ClInclude Include="TALAnd.h">
      <Filter>Header Files</Filter>
    </ClInclude>
    <ClInclude Include="TAIntValue.h">
      <Filter>Header Files</Filter>
    </ClInclude>
    <ClInclude Include="TAIntType.h">
      <Filter>Header Files</Filter>
    </ClInclude>
    <ClInclude Include="TAInt.h">
      <Filter>Header Files</Filter>
    </ClInclude>
    <ClInclude Include="TAImplies.h">
      <Filter>Header Files</Filter>
    </ClInclude>
    <ClInclude Include="TAFloor.h">
      <Filter>Header Files</Filter>
    </ClInclude>
    <ClInclude Include="TAFirst.h">
      <Filter>Header Files</Filter>
    </ClInclude>
    <ClInclude Include="TAEquiv.h">
      <Filter>Header Files</Filter>
    </ClInclude>
    <ClInclude Include="TAEqual.h">
      <Filter>Header Files</Filter>
    </ClInclude>
    <ClInclude Include="TADoubleValue.h">
      <Filter>Header Files</Filter>
    </ClInclude>
    <ClInclude Include="TADoubleType.h">
      <Filter>Header Files</Filter>
    </ClInclude>
    <ClInclude Include="TADouble.h">
      <Filter>Header Files</Filter>
    </ClInclude>
    <ClInclude Include="TADivision.h">
      <Filter>Header Files</Filter>
    </ClInclude>
    <ClInclude Include="TACeiling.h">
      <Filter>Header Files</Filter>
    </ClInclude>
    <ClInclude Include="TABoolType.h">
      <Filter>Header Files</Filter>
    </ClInclude>
    <ClInclude Include="TABoolBinaryOp.h">
      <Filter>Header Files</Filter>
    </ClInclude>
    <ClInclude Include="TABinaryOp.h">
      <Filter>Header Files</Filter>
    </ClInclude>
    <ClInclude Include="TABiggerThanEq.h">
      <Filter>Header Files</Filter>
    </ClInclude>
    <ClInclude Include="TABiggerThan.h">
      <Filter>Header Files</Filter>
    </ClInclude>
    <ClInclude Include="TAArrayValue.h">
      <Filter>Header Files</Filter>
    </ClInclude>
    <ClInclude Include="TAArrayType.h">
      <Filter>Header Files</Filter>
    </ClInclude>
    <ClInclude Include="TAArrayAccess.h">
      <Filter>Header Files</Filter>
    </ClInclude>
    <ClInclude Include="TAArray.h">
      <Filter>Header Files</Filter>
    </ClInclude>
    <ClInclude Include="TABool.h">
      <Filter>Header Files</Filter>
    </ClInclude>
    <ClInclude Include="TAPrimitive.h">
      <Filter>Header Files</Filter>
    </ClInclude>
    <ClInclude Include="TANamedObj.h">
      <Filter>Header Files</Filter>
    </ClInclude>
    <ClInclude Include="TATerm.h">
      <Filter>Header Files</Filter>
    </ClInclude>
    <ClInclude Include="TAValue.h">
      <Filter>Header Files</Filter>
    </ClInclude>
    <ClInclude Include="TABoolValue.h">
      <Filter>Header Files</Filter>
    </ClInclude>
    <ClInclude Include="ta.h">
      <Filter>Header Files</Filter>
    </ClInclude>
    <ClInclude Include="TAObj.h">
      <Filter>Header Files</Filter>
    </ClInclude>
    <ClInclude Include="TADomain.h">
      <Filter>Header Files</Filter>
    </ClInclude>
    <ClInclude Include="TASetDomain.h">
      <Filter>Header Files</Filter>
    </ClInclude>
    <ClInclude Include="TATypeDomain.h">
      <Filter>Header Files</Filter>
    </ClInclude>
    <ClInclude Include="TAIntTypeDomain.h">
      <Filter>Header Files</Filter>
    </ClInclude>
    <ClInclude Include="TAPairValue.h">
      <Filter>Header Files</Filter>
    </ClInclude>
    <ClInclude Include="TADoubleTypeDomain.h">
      <Filter>Header Files</Filter>
    </ClInclude>
    <ClInclude Include="TABoolTypeDomain.h">
      <Filter>Header Files</Filter>
    </ClInclude>
    <ClInclude Include="TAFormula.h">
      <Filter>Header Files</Filter>
    </ClInclude>
    <ClInclude Include="TAForAll.h">
      <Filter>Header Files</Filter>
    </ClInclude>
    <ClInclude Include="TAForEach.h">
      <Filter>Header Files</Filter>
    </ClInclude>
    <ClInclude Include="TAStatement.h">
      <Filter>Header Files</Filter>
    </ClInclude>
    <ClInclude Include="TAStatementType.h">
      <Filter>Header Files</Filter>
    </ClInclude>
    <ClInclude Include="TAConditionalOperator.h">
      <Filter>Header Files</Filter>
    </ClInclude>
    <ClInclude Include="TAEmptyStatement.h">
      <Filter>Header Files</Filter>
    </ClInclude>
    <ClInclude Include="TAAtomicStatement.h">
      <Filter>Header Files</Filter>
    </ClInclude>
    <ClInclude Include="TAAssignmentStatement.h">
      <Filter>Header Files</Filter>
    </ClInclude>
  </ItemGroup>
  <ItemGroup>
    <ClCompile Include="main.cpp">
      <Filter>Source Files</Filter>
    </ClCompile>
    <ClCompile Include="TAValue.cpp">
      <Filter>Source Files</Filter>
    </ClCompile>
    <ClCompile Include="TAObj.cpp">
      <Filter>Source Files</Filter>
    </ClCompile>
    <ClCompile Include="TAType.cpp">
      <Filter>Source Files</Filter>
    </ClCompile>
    <ClCompile Include="TADomain.cpp">
      <Filter>Source Files</Filter>
    </ClCompile>
    <ClCompile Include="TASetDomain.cpp">
      <Filter>Source Files</Filter>
    </ClCompile>
    <ClCompile Include="TATypeDomain.cpp">
      <Filter>Source Files</Filter>
    </ClCompile>
    <ClCompile Include="TAIntTypeDomain.cpp">
      <Filter>Source Files</Filter>
    </ClCompile>
    <ClCompile Include="TADoubleTypeDomain.cpp">
      <Filter>Source Files</Filter>
    </ClCompile>
    <ClCompile Include="TABoolTypeDomain.cpp">
      <Filter>Source Files</Filter>
    </ClCompile>
    <ClCompile Include="TAForAll.cpp">
      <Filter>Source Files</Filter>
    </ClCompile>
    <ClCompile Include="TABool.cpp">
      <Filter>Source Files</Filter>
    </ClCompile>
    <ClCompile Include="TABoolBinaryOp.cpp">
      <Filter>Source Files</Filter>
    </ClCompile>
    <ClCompile Include="TAForEach.cpp">
      <Filter>Source Files</Filter>
    </ClCompile>
    <ClCompile Include="TAStatement.cpp">
      <Filter>Source Files</Filter>
    </ClCompile>
    <ClCompile Include="TAStatementType.cpp">
      <Filter>Source Files</Filter>
    </ClCompile>
    <ClCompile Include="TAConditionalOperator.cpp">
      <Filter>Source Files</Filter>
    </ClCompile>
    <ClCompile Include="TAEmptyStatement.cpp">
      <Filter>Source Files</Filter>
    </ClCompile>
    <ClCompile Include="TAAtomicStatement.cpp">
      <Filter>Source Files</Filter>
    </ClCompile>
    <ClCompile Include="TAAssignmentStatement.cpp">
      <Filter>Source Files</Filter>
    </ClCompile>
  </ItemGroup>
  <ItemGroup>
    <None Include="ClassDiagram.cd" />
  </ItemGroup>
  <ItemGroup>
    <None Include="ClassDiagram.cd" />
  </ItemGroup>
</Project>